{
    "version": 3,
    "terraform_version": "0.11.7",
    "serial": 13,
    "lineage": "4d078e7e-2a46-4c1a-9e65-707fcdb818ad",
    "modules": [
        {
            "path": [
                "root"
            ],
            "outputs": {},
            "resources": {
                "aws_instance.jenkins": {
                    "type": "aws_instance",
                    "depends_on": [
                        "aws_key_pair.deployer",
                        "aws_security_group.allow_outbound",
                        "aws_security_group.allow_ssh",
                        "aws_security_group.allow_web8080"
                    ],
                    "primary": {
                        "id": "i-059408e6bc9a75f3b",
                        "attributes": {
                            "ami": "ami-6b8cef13",
                            "associate_public_ip_address": "true",
                            "availability_zone": "us-west-2b",
                            "credit_specification.#": "1",
                            "credit_specification.0.cpu_credits": "standard",
                            "disable_api_termination": "false",
                            "ebs_block_device.#": "0",
                            "ebs_optimized": "false",
                            "ephemeral_block_device.#": "0",
                            "get_password_data": "false",
                            "iam_instance_profile": "",
                            "id": "i-059408e6bc9a75f3b",
                            "instance_state": "running",
                            "instance_type": "t2.nano",
                            "ipv6_addresses.#": "0",
                            "key_name": "deployer-key",
                            "monitoring": "false",
                            "network_interface.#": "0",
                            "network_interface_id": "eni-d451b4ed",
                            "password_data": "",
                            "placement_group": "",
                            "primary_network_interface_id": "eni-d451b4ed",
                            "private_dns": "ip-172-31-42-229.us-west-2.compute.internal",
                            "private_ip": "172.31.42.229",
                            "public_dns": "ec2-18-237-103-201.us-west-2.compute.amazonaws.com",
                            "public_ip": "18.237.103.201",
                            "root_block_device.#": "1",
                            "root_block_device.0.delete_on_termination": "true",
                            "root_block_device.0.iops": "100",
                            "root_block_device.0.volume_id": "vol-030d8507037672895",
                            "root_block_device.0.volume_size": "8",
                            "root_block_device.0.volume_type": "gp2",
                            "security_groups.#": "3",
                            "security_groups.1454479838": "allow_ssh",
                            "security_groups.1811901301": "allow_all_outbound",
                            "security_groups.555326796": "allow_web8080",
                            "source_dest_check": "true",
                            "subnet_id": "subnet-684d6900",
                            "tags.%": "1",
                            "tags.Name": "Jenkins",
                            "tenancy": "default",
                            "volume_tags.%": "0",
                            "vpc_security_group_ids.#": "3",
                            "vpc_security_group_ids.2524419298": "sg-13664c6d",
                            "vpc_security_group_ids.3034229384": "sg-897b51f7",
                            "vpc_security_group_ids.49264412": "sg-3b4c6645"
                        },
                        "meta": {
                            "e2bfb730-ecaa-11e6-8f88-34363bc7c4c0": {
                                "create": 600000000000,
                                "delete": 1200000000000,
                                "update": 600000000000
                            },
                            "schema_version": "1"
                        },
                        "tainted": false
                    },
                    "deposed": [],
                    "provider": "provider.aws"
                },
                "aws_instance.server.0": {
                    "type": "aws_instance",
                    "depends_on": [
                        "aws_key_pair.deployer",
                        "aws_security_group.allow_outbound",
                        "aws_security_group.allow_ssh",
                        "aws_security_group.allow_web"
                    ],
                    "primary": {
                        "id": "i-076df93ca84a71cd8",
                        "attributes": {
                            "ami": "ami-6b8cef13",
                            "associate_public_ip_address": "true",
                            "availability_zone": "us-west-2b",
                            "credit_specification.#": "1",
                            "credit_specification.0.cpu_credits": "standard",
                            "disable_api_termination": "false",
                            "ebs_block_device.#": "0",
                            "ebs_optimized": "false",
                            "ephemeral_block_device.#": "0",
                            "get_password_data": "false",
                            "iam_instance_profile": "",
                            "id": "i-076df93ca84a71cd8",
                            "instance_state": "running",
                            "instance_type": "t2.nano",
                            "ipv6_addresses.#": "0",
                            "key_name": "deployer-key",
                            "monitoring": "false",
                            "network_interface.#": "0",
                            "network_interface_id": "eni-6453b65d",
                            "password_data": "",
                            "placement_group": "",
                            "primary_network_interface_id": "eni-6453b65d",
                            "private_dns": "ip-172-31-46-35.us-west-2.compute.internal",
                            "private_ip": "172.31.46.35",
                            "public_dns": "ec2-34-215-119-216.us-west-2.compute.amazonaws.com",
                            "public_ip": "34.215.119.216",
                            "root_block_device.#": "1",
                            "root_block_device.0.delete_on_termination": "true",
                            "root_block_device.0.iops": "100",
                            "root_block_device.0.volume_id": "vol-04beb43a05bb0d9d2",
                            "root_block_device.0.volume_size": "8",
                            "root_block_device.0.volume_type": "gp2",
                            "security_groups.#": "3",
                            "security_groups.1454479838": "allow_ssh",
                            "security_groups.1811901301": "allow_all_outbound",
                            "security_groups.2918542795": "allow_web",
                            "source_dest_check": "true",
                            "subnet_id": "subnet-684d6900",
                            "tags.%": "1",
                            "tags.Name": "Production-server",
                            "tenancy": "default",
                            "volume_tags.%": "0",
                            "vpc_security_group_ids.#": "3",
                            "vpc_security_group_ids.2524419298": "sg-13664c6d",
                            "vpc_security_group_ids.4042663520": "sg-ae7a50d0",
                            "vpc_security_group_ids.49264412": "sg-3b4c6645"
                        },
                        "meta": {
                            "e2bfb730-ecaa-11e6-8f88-34363bc7c4c0": {
                                "create": 600000000000,
                                "delete": 1200000000000,
                                "update": 600000000000
                            },
                            "schema_version": "1"
                        },
                        "tainted": false
                    },
                    "deposed": [],
                    "provider": "provider.aws"
                },
                "aws_instance.server.1": {
                    "type": "aws_instance",
                    "depends_on": [
                        "aws_key_pair.deployer",
                        "aws_security_group.allow_outbound",
                        "aws_security_group.allow_ssh",
                        "aws_security_group.allow_web"
                    ],
                    "primary": {
                        "id": "i-00069e1e3b732c960",
                        "attributes": {
                            "ami": "ami-6b8cef13",
                            "associate_public_ip_address": "true",
                            "availability_zone": "us-west-2b",
                            "credit_specification.#": "1",
                            "credit_specification.0.cpu_credits": "standard",
                            "disable_api_termination": "false",
                            "ebs_block_device.#": "0",
                            "ebs_optimized": "false",
                            "ephemeral_block_device.#": "0",
                            "get_password_data": "false",
                            "iam_instance_profile": "",
                            "id": "i-00069e1e3b732c960",
                            "instance_state": "running",
                            "instance_type": "t2.nano",
                            "ipv6_addresses.#": "0",
                            "key_name": "deployer-key",
                            "monitoring": "false",
                            "network_interface.#": "0",
                            "network_interface_id": "eni-0d50b534",
                            "password_data": "",
                            "placement_group": "",
                            "primary_network_interface_id": "eni-0d50b534",
                            "private_dns": "ip-172-31-35-45.us-west-2.compute.internal",
                            "private_ip": "172.31.35.45",
                            "public_dns": "ec2-18-236-180-167.us-west-2.compute.amazonaws.com",
                            "public_ip": "18.236.180.167",
                            "root_block_device.#": "1",
                            "root_block_device.0.delete_on_termination": "true",
                            "root_block_device.0.iops": "100",
                            "root_block_device.0.volume_id": "vol-0e01537b6be8ba12b",
                            "root_block_device.0.volume_size": "8",
                            "root_block_device.0.volume_type": "gp2",
                            "security_groups.#": "3",
                            "security_groups.1454479838": "allow_ssh",
                            "security_groups.1811901301": "allow_all_outbound",
                            "security_groups.2918542795": "allow_web",
                            "source_dest_check": "true",
                            "subnet_id": "subnet-684d6900",
                            "tags.%": "1",
                            "tags.Name": "Integration-server",
                            "tenancy": "default",
                            "volume_tags.%": "0",
                            "vpc_security_group_ids.#": "3",
                            "vpc_security_group_ids.2524419298": "sg-13664c6d",
                            "vpc_security_group_ids.4042663520": "sg-ae7a50d0",
                            "vpc_security_group_ids.49264412": "sg-3b4c6645"
                        },
                        "meta": {
                            "e2bfb730-ecaa-11e6-8f88-34363bc7c4c0": {
                                "create": 600000000000,
                                "delete": 1200000000000,
                                "update": 600000000000
                            },
                            "schema_version": "1"
                        },
                        "tainted": false
                    },
                    "deposed": [],
                    "provider": "provider.aws"
                },
                "aws_key_pair.deployer": {
                    "type": "aws_key_pair",
                    "depends_on": [],
                    "primary": {
                        "id": "deployer-key",
                        "attributes": {
                            "fingerprint": "69:21:6e:02:9d:db:da:58:a8:c5:ee:b7:51:02:59:37",
                            "id": "deployer-key",
                            "key_name": "deployer-key",
                            "public_key": "ssh-rsa AAAAB3NzaC1yc2EAAAADAQABAAABAQC+7Tlw5djTbfh2wV19rSG6Zw/fBavyTb+3YQmK0czhn/E7izpZgS+XkMjAwKVRceb2C41mwbw4BZCdrfdXbyeSHvE+zifhtjThsAiMkmTRVcROWj0pWlA2beh0bAJleJWQG2VsYZYzqRnOX6a+3LELpqUOtWWXoRtGqE+E3u8VIJlY+upj8uxm+HbPZTdm0Rml6T8kuRs1pcyFh3mQfqDdnLElJE66hSy1ExB7GzzwVUqL350b9jbck1jDTpMkfP1jeMlbRL0dlHAm1/BizXERKUB/rIiDeGipODfp6k3CZRYvbl9Ki6xsaEWdkDH0F4qBV+v41krWTOEBHmuoRqv/ laq@laqs4n"
                        },
                        "meta": {
                            "schema_version": "1"
                        },
                        "tainted": false
                    },
                    "deposed": [],
                    "provider": "provider.aws"
                },
                "aws_security_group.allow_outbound": {
                    "type": "aws_security_group",
                    "depends_on": [],
                    "primary": {
                        "id": "sg-3b4c6645",
                        "attributes": {
                            "arn": "arn:aws:ec2:us-west-2:105725941292:security-group/sg-3b4c6645",
                            "description": "Allow all outbound",
                            "egress.#": "1",
                            "egress.1403647648.cidr_blocks.#": "1",
                            "egress.1403647648.cidr_blocks.0": "0.0.0.0/0",
                            "egress.1403647648.description": "",
                            "egress.1403647648.from_port": "0",
                            "egress.1403647648.ipv6_cidr_blocks.#": "0",
                            "egress.1403647648.prefix_list_ids.#": "0",
                            "egress.1403647648.protocol": "tcp",
                            "egress.1403647648.security_groups.#": "0",
                            "egress.1403647648.self": "false",
                            "egress.1403647648.to_port": "65535",
                            "id": "sg-3b4c6645",
                            "ingress.#": "0",
                            "name": "allow_all_outbound",
                            "owner_id": "105725941292",
                            "revoke_rules_on_delete": "false",
                            "tags.%": "1",
                            "tags.Name": "allow_all_outbound",
                            "vpc_id": "vpc-964c68fe"
                        },
                        "meta": {
                            "e2bfb730-ecaa-11e6-8f88-34363bc7c4c0": {
                                "create": 600000000000,
                                "delete": 600000000000
                            },
                            "schema_version": "1"
                        },
                        "tainted": false
                    },
                    "deposed": [],
                    "provider": "provider.aws"
                },
                "aws_security_group.allow_ssh": {
                    "type": "aws_security_group",
                    "depends_on": [],
                    "primary": {
                        "id": "sg-13664c6d",
                        "attributes": {
                            "arn": "arn:aws:ec2:us-west-2:105725941292:security-group/sg-13664c6d",
                            "description": "Allow ssh",
                            "egress.#": "0",
                            "id": "sg-13664c6d",
                            "ingress.#": "1",
                            "ingress.2541437006.cidr_blocks.#": "1",
                            "ingress.2541437006.cidr_blocks.0": "0.0.0.0/0",
                            "ingress.2541437006.description": "",
                            "ingress.2541437006.from_port": "22",
                            "ingress.2541437006.ipv6_cidr_blocks.#": "0",
                            "ingress.2541437006.protocol": "tcp",
                            "ingress.2541437006.security_groups.#": "0",
                            "ingress.2541437006.self": "false",
                            "ingress.2541437006.to_port": "22",
                            "name": "allow_ssh",
                            "owner_id": "105725941292",
                            "revoke_rules_on_delete": "false",
                            "tags.%": "1",
                            "tags.Name": "allow_ssh",
                            "vpc_id": "vpc-964c68fe"
                        },
                        "meta": {
                            "e2bfb730-ecaa-11e6-8f88-34363bc7c4c0": {
                                "create": 600000000000,
                                "delete": 600000000000
                            },
                            "schema_version": "1"
                        },
                        "tainted": false
                    },
                    "deposed": [],
                    "provider": "provider.aws"
                },
                "aws_security_group.allow_web": {
                    "type": "aws_security_group",
                    "depends_on": [],
                    "primary": {
                        "id": "sg-ae7a50d0",
                        "attributes": {
                            "arn": "arn:aws:ec2:us-west-2:105725941292:security-group/sg-ae7a50d0",
                            "description": "Allow web",
                            "egress.#": "0",
                            "id": "sg-ae7a50d0",
                            "ingress.#": "1",
                            "ingress.2214680975.cidr_blocks.#": "1",
                            "ingress.2214680975.cidr_blocks.0": "0.0.0.0/0",
                            "ingress.2214680975.description": "",
                            "ingress.2214680975.from_port": "80",
                            "ingress.2214680975.ipv6_cidr_blocks.#": "0",
                            "ingress.2214680975.protocol": "tcp",
                            "ingress.2214680975.security_groups.#": "0",
                            "ingress.2214680975.self": "false",
                            "ingress.2214680975.to_port": "80",
                            "name": "allow_web",
                            "owner_id": "105725941292",
                            "revoke_rules_on_delete": "false",
                            "tags.%": "1",
                            "tags.Name": "allow_web",
                            "vpc_id": "vpc-964c68fe"
                        },
                        "meta": {
                            "e2bfb730-ecaa-11e6-8f88-34363bc7c4c0": {
                                "create": 600000000000,
                                "delete": 600000000000
                            },
                            "schema_version": "1"
                        },
                        "tainted": false
                    },
                    "deposed": [],
                    "provider": "provider.aws"
                },
                "aws_security_group.allow_web8080": {
                    "type": "aws_security_group",
                    "depends_on": [],
                    "primary": {
                        "id": "sg-897b51f7",
                        "attributes": {
                            "arn": "arn:aws:ec2:us-west-2:105725941292:security-group/sg-897b51f7",
                            "description": "Allow web 8080",
                            "egress.#": "0",
                            "id": "sg-897b51f7",
                            "ingress.#": "1",
                            "ingress.516175195.cidr_blocks.#": "1",
                            "ingress.516175195.cidr_blocks.0": "0.0.0.0/0",
                            "ingress.516175195.description": "",
                            "ingress.516175195.from_port": "8080",
                            "ingress.516175195.ipv6_cidr_blocks.#": "0",
                            "ingress.516175195.protocol": "tcp",
                            "ingress.516175195.security_groups.#": "0",
                            "ingress.516175195.self": "false",
                            "ingress.516175195.to_port": "8080",
                            "name": "allow_web8080",
                            "owner_id": "105725941292",
                            "revoke_rules_on_delete": "false",
                            "tags.%": "1",
                            "tags.Name": "allow_web8080",
                            "vpc_id": "vpc-964c68fe"
                        },
                        "meta": {
                            "e2bfb730-ecaa-11e6-8f88-34363bc7c4c0": {
                                "create": 600000000000,
                                "delete": 600000000000
                            },
                            "schema_version": "1"
                        },
                        "tainted": false
                    },
                    "deposed": [],
                    "provider": "provider.aws"
                }
            },
            "depends_on": []
        }
    ]
}
