{
    "version": 3,
    "terraform_version": "0.11.7",
    "serial": 42,
    "lineage": "4d078e7e-2a46-4c1a-9e65-707fcdb818ad",
    "modules": [
        {
            "path": [
                "root"
            ],
            "outputs": {},
            "resources": {},
            "depends_on": []
        },
        {
            "path": [
                "root",
                "ec2"
            ],
            "outputs": {},
            "resources": {
                "aws_elb.server_loadbalancer": {
                    "type": "aws_elb",
                    "depends_on": [
                        "aws_instance.server.*",
                        "aws_security_group.allow_outbound",
                        "aws_security_group.allow_web"
                    ],
                    "primary": {
                        "id": "server-elb",
                        "attributes": {
                            "access_logs.#": "0",
                            "arn": "arn:aws:elasticloadbalancing:us-west-2:105725941292:loadbalancer/server-elb",
                            "availability_zones.#": "2",
                            "availability_zones.221770259": "us-west-2b",
                            "availability_zones.2487133097": "us-west-2a",
                            "connection_draining": "false",
                            "connection_draining_timeout": "300",
                            "cross_zone_load_balancing": "true",
                            "dns_name": "server-elb-2013971640.us-west-2.elb.amazonaws.com",
                            "health_check.#": "1",
                            "health_check.0.healthy_threshold": "2",
                            "health_check.0.interval": "30",
                            "health_check.0.target": "HTTP:80/",
                            "health_check.0.timeout": "3",
                            "health_check.0.unhealthy_threshold": "2",
                            "id": "server-elb",
                            "idle_timeout": "60",
                            "instances.#": "2",
                            "instances.2455955931": "i-08344437e6a4cf04c",
                            "instances.4001008603": "i-094bcb1aa205faa53",
                            "internal": "false",
                            "listener.#": "1",
                            "listener.3057123346.instance_port": "80",
                            "listener.3057123346.instance_protocol": "http",
                            "listener.3057123346.lb_port": "80",
                            "listener.3057123346.lb_protocol": "http",
                            "listener.3057123346.ssl_certificate_id": "",
                            "name": "server-elb",
                            "security_groups.#": "2",
                            "security_groups.1758249643": "sg-5be52a2a",
                            "security_groups.468171595": "sg-cce32cbd",
                            "source_security_group": "105725941292/allow_all_outbound",
                            "source_security_group_id": "sg-5be52a2a",
                            "subnets.#": "2",
                            "subnets.2422402687": "subnet-d50895ac",
                            "subnets.4180091638": "subnet-d4d8669f",
                            "tags.%": "0",
                            "zone_id": "Z1H1FL5HABSF5"
                        },
                        "meta": {},
                        "tainted": false
                    },
                    "deposed": [],
                    "provider": "provider.aws"
                },
                "aws_instance.bastion": {
                    "type": "aws_instance",
                    "depends_on": [
                        "aws_key_pair.deployer",
                        "aws_security_group.allow_outbound",
                        "aws_security_group.allow_ssh",
                        "aws_security_group.allow_web8080"
                    ],
                    "primary": {
                        "id": "i-0ae30bb3185282cf7",
                        "attributes": {
                            "ami": "ami-b5ed9ccd",
                            "associate_public_ip_address": "true",
                            "availability_zone": "us-west-2a",
                            "credit_specification.#": "1",
                            "credit_specification.0.cpu_credits": "standard",
                            "disable_api_termination": "false",
                            "ebs_block_device.#": "0",
                            "ebs_optimized": "false",
                            "ephemeral_block_device.#": "0",
                            "get_password_data": "false",
                            "iam_instance_profile": "",
                            "id": "i-0ae30bb3185282cf7",
                            "instance_state": "running",
                            "instance_type": "t2.nano",
                            "ipv6_addresses.#": "0",
                            "key_name": "deployer-key",
                            "monitoring": "false",
                            "network_interface.#": "0",
                            "network_interface_id": "eni-ebdb7de3",
                            "password_data": "",
                            "placement_group": "",
                            "primary_network_interface_id": "eni-ebdb7de3",
                            "private_dns": "ip-10-30-0-18.us-west-2.compute.internal",
                            "private_ip": "10.30.0.18",
                            "public_dns": "ec2-35-164-105-182.us-west-2.compute.amazonaws.com",
                            "public_ip": "35.164.105.182",
                            "root_block_device.#": "1",
                            "root_block_device.0.delete_on_termination": "true",
                            "root_block_device.0.iops": "100",
                            "root_block_device.0.volume_id": "vol-0b807c7878bbcb800",
                            "root_block_device.0.volume_size": "8",
                            "root_block_device.0.volume_type": "gp2",
                            "security_groups.#": "0",
                            "source_dest_check": "true",
                            "subnet_id": "subnet-d4d8669f",
                            "tags.%": "1",
                            "tags.Name": "Jenkins",
                            "tenancy": "default",
                            "volume_tags.%": "0",
                            "vpc_security_group_ids.#": "3",
                            "vpc_security_group_ids.1225405": "sg-f5e22d84",
                            "vpc_security_group_ids.1758249643": "sg-5be52a2a",
                            "vpc_security_group_ids.2276341408": "sg-3de12e4c"
                        },
                        "meta": {
                            "e2bfb730-ecaa-11e6-8f88-34363bc7c4c0": {
                                "create": 600000000000,
                                "delete": 1200000000000,
                                "update": 600000000000
                            },
                            "schema_version": "1"
                        },
                        "tainted": false
                    },
                    "deposed": [],
                    "provider": "provider.aws"
                },
                "aws_instance.server.0": {
                    "type": "aws_instance",
                    "depends_on": [
                        "aws_key_pair.deployer",
                        "aws_security_group.allow_outbound",
                        "aws_security_group.allow_ssh",
                        "aws_security_group.allow_web",
                        "data.template_file.init"
                    ],
                    "primary": {
                        "id": "i-08344437e6a4cf04c",
                        "attributes": {
                            "ami": "ami-b5ed9ccd",
                            "associate_public_ip_address": "false",
                            "availability_zone": "us-west-2a",
                            "credit_specification.#": "1",
                            "credit_specification.0.cpu_credits": "standard",
                            "disable_api_termination": "false",
                            "ebs_block_device.#": "0",
                            "ebs_optimized": "false",
                            "ephemeral_block_device.#": "0",
                            "get_password_data": "false",
                            "iam_instance_profile": "",
                            "id": "i-08344437e6a4cf04c",
                            "instance_state": "running",
                            "instance_type": "t2.nano",
                            "ipv6_addresses.#": "0",
                            "key_name": "deployer-key",
                            "monitoring": "false",
                            "network_interface.#": "0",
                            "network_interface_id": "eni-ecdb7de4",
                            "password_data": "",
                            "placement_group": "",
                            "primary_network_interface_id": "eni-ecdb7de4",
                            "private_dns": "ip-10-30-1-177.us-west-2.compute.internal",
                            "private_ip": "10.30.1.177",
                            "public_dns": "",
                            "public_ip": "",
                            "root_block_device.#": "1",
                            "root_block_device.0.delete_on_termination": "true",
                            "root_block_device.0.iops": "100",
                            "root_block_device.0.volume_id": "vol-0bbd44a0a0520d353",
                            "root_block_device.0.volume_size": "8",
                            "root_block_device.0.volume_type": "gp2",
                            "security_groups.#": "0",
                            "source_dest_check": "true",
                            "subnet_id": "subnet-19d46a52",
                            "tags.%": "1",
                            "tags.Name": "Production-server",
                            "tenancy": "default",
                            "user_data": "aac4796cbad93b89a44846457dbcb4837ad2f7ba",
                            "volume_tags.%": "0",
                            "vpc_security_group_ids.#": "3",
                            "vpc_security_group_ids.1758249643": "sg-5be52a2a",
                            "vpc_security_group_ids.2276341408": "sg-3de12e4c",
                            "vpc_security_group_ids.468171595": "sg-cce32cbd"
                        },
                        "meta": {
                            "e2bfb730-ecaa-11e6-8f88-34363bc7c4c0": {
                                "create": 600000000000,
                                "delete": 1200000000000,
                                "update": 600000000000
                            },
                            "schema_version": "1"
                        },
                        "tainted": false
                    },
                    "deposed": [],
                    "provider": "provider.aws"
                },
                "aws_instance.server.1": {
                    "type": "aws_instance",
                    "depends_on": [
                        "aws_key_pair.deployer",
                        "aws_security_group.allow_outbound",
                        "aws_security_group.allow_ssh",
                        "aws_security_group.allow_web",
                        "data.template_file.init"
                    ],
                    "primary": {
                        "id": "i-094bcb1aa205faa53",
                        "attributes": {
                            "ami": "ami-b5ed9ccd",
                            "associate_public_ip_address": "false",
                            "availability_zone": "us-west-2b",
                            "credit_specification.#": "1",
                            "credit_specification.0.cpu_credits": "standard",
                            "disable_api_termination": "false",
                            "ebs_block_device.#": "0",
                            "ebs_optimized": "false",
                            "ephemeral_block_device.#": "0",
                            "get_password_data": "false",
                            "iam_instance_profile": "",
                            "id": "i-094bcb1aa205faa53",
                            "instance_state": "running",
                            "instance_type": "t2.nano",
                            "ipv6_addresses.#": "0",
                            "key_name": "deployer-key",
                            "monitoring": "false",
                            "network_interface.#": "0",
                            "network_interface_id": "eni-1742722e",
                            "password_data": "",
                            "placement_group": "",
                            "primary_network_interface_id": "eni-1742722e",
                            "private_dns": "ip-10-30-2-86.us-west-2.compute.internal",
                            "private_ip": "10.30.2.86",
                            "public_dns": "",
                            "public_ip": "",
                            "root_block_device.#": "1",
                            "root_block_device.0.delete_on_termination": "true",
                            "root_block_device.0.iops": "100",
                            "root_block_device.0.volume_id": "vol-0742b3fe77e937b00",
                            "root_block_device.0.volume_size": "8",
                            "root_block_device.0.volume_type": "gp2",
                            "security_groups.#": "0",
                            "source_dest_check": "true",
                            "subnet_id": "subnet-d50895ac",
                            "tags.%": "1",
                            "tags.Name": "Integration-server",
                            "tenancy": "default",
                            "user_data": "aac4796cbad93b89a44846457dbcb4837ad2f7ba",
                            "volume_tags.%": "0",
                            "vpc_security_group_ids.#": "3",
                            "vpc_security_group_ids.1758249643": "sg-5be52a2a",
                            "vpc_security_group_ids.2276341408": "sg-3de12e4c",
                            "vpc_security_group_ids.468171595": "sg-cce32cbd"
                        },
                        "meta": {
                            "e2bfb730-ecaa-11e6-8f88-34363bc7c4c0": {
                                "create": 600000000000,
                                "delete": 1200000000000,
                                "update": 600000000000
                            },
                            "schema_version": "1"
                        },
                        "tainted": false
                    },
                    "deposed": [],
                    "provider": "provider.aws"
                },
                "aws_key_pair.deployer": {
                    "type": "aws_key_pair",
                    "depends_on": [],
                    "primary": {
                        "id": "deployer-key",
                        "attributes": {
                            "id": "deployer-key",
                            "key_name": "deployer-key",
                            "public_key": "ssh-rsa AAAAB3NzaC1yc2EAAAADAQABAAABAQC+7Tlw5djTbfh2wV19rSG6Zw/fBavyTb+3YQmK0czhn/E7izpZgS+XkMjAwKVRceb2C41mwbw4BZCdrfdXbyeSHvE+zifhtjThsAiMkmTRVcROWj0pWlA2beh0bAJleJWQG2VsYZYzqRnOX6a+3LELpqUOtWWXoRtGqE+E3u8VIJlY+upj8uxm+HbPZTdm0Rml6T8kuRs1pcyFh3mQfqDdnLElJE66hSy1ExB7GzzwVUqL350b9jbck1jDTpMkfP1jeMlbRL0dlHAm1/BizXERKUB/rIiDeGipODfp6k3CZRYvbl9Ki6xsaEWdkDH0F4qBV+v41krWTOEBHmuoRqv/ laq@laqs4n"
                        },
                        "meta": {
                            "schema_version": "1"
                        },
                        "tainted": false
                    },
                    "deposed": [],
                    "provider": "provider.aws"
                },
                "aws_security_group.allow_outbound": {
                    "type": "aws_security_group",
                    "depends_on": [],
                    "primary": {
                        "id": "sg-5be52a2a",
                        "attributes": {
                            "arn": "arn:aws:ec2:us-west-2:105725941292:security-group/sg-5be52a2a",
                            "description": "Allow all outbound",
                            "egress.#": "1",
                            "egress.1403647648.cidr_blocks.#": "1",
                            "egress.1403647648.cidr_blocks.0": "0.0.0.0/0",
                            "egress.1403647648.description": "",
                            "egress.1403647648.from_port": "0",
                            "egress.1403647648.ipv6_cidr_blocks.#": "0",
                            "egress.1403647648.prefix_list_ids.#": "0",
                            "egress.1403647648.protocol": "tcp",
                            "egress.1403647648.security_groups.#": "0",
                            "egress.1403647648.self": "false",
                            "egress.1403647648.to_port": "65535",
                            "id": "sg-5be52a2a",
                            "ingress.#": "0",
                            "name": "allow_all_outbound",
                            "owner_id": "105725941292",
                            "revoke_rules_on_delete": "false",
                            "tags.%": "1",
                            "tags.Name": "allow_all_outbound",
                            "vpc_id": "vpc-5bccf322"
                        },
                        "meta": {
                            "e2bfb730-ecaa-11e6-8f88-34363bc7c4c0": {
                                "create": 600000000000,
                                "delete": 600000000000
                            },
                            "schema_version": "1"
                        },
                        "tainted": false
                    },
                    "deposed": [],
                    "provider": "provider.aws"
                },
                "aws_security_group.allow_ssh": {
                    "type": "aws_security_group",
                    "depends_on": [],
                    "primary": {
                        "id": "sg-3de12e4c",
                        "attributes": {
                            "arn": "arn:aws:ec2:us-west-2:105725941292:security-group/sg-3de12e4c",
                            "description": "Allow ssh",
                            "egress.#": "0",
                            "id": "sg-3de12e4c",
                            "ingress.#": "1",
                            "ingress.2541437006.cidr_blocks.#": "1",
                            "ingress.2541437006.cidr_blocks.0": "0.0.0.0/0",
                            "ingress.2541437006.description": "",
                            "ingress.2541437006.from_port": "22",
                            "ingress.2541437006.ipv6_cidr_blocks.#": "0",
                            "ingress.2541437006.protocol": "tcp",
                            "ingress.2541437006.security_groups.#": "0",
                            "ingress.2541437006.self": "false",
                            "ingress.2541437006.to_port": "22",
                            "name": "allow_ssh",
                            "owner_id": "105725941292",
                            "revoke_rules_on_delete": "false",
                            "tags.%": "1",
                            "tags.Name": "allow_ssh",
                            "vpc_id": "vpc-5bccf322"
                        },
                        "meta": {
                            "e2bfb730-ecaa-11e6-8f88-34363bc7c4c0": {
                                "create": 600000000000,
                                "delete": 600000000000
                            },
                            "schema_version": "1"
                        },
                        "tainted": false
                    },
                    "deposed": [],
                    "provider": "provider.aws"
                },
                "aws_security_group.allow_web": {
                    "type": "aws_security_group",
                    "depends_on": [],
                    "primary": {
                        "id": "sg-cce32cbd",
                        "attributes": {
                            "arn": "arn:aws:ec2:us-west-2:105725941292:security-group/sg-cce32cbd",
                            "description": "Allow web",
                            "egress.#": "0",
                            "id": "sg-cce32cbd",
                            "ingress.#": "1",
                            "ingress.2214680975.cidr_blocks.#": "1",
                            "ingress.2214680975.cidr_blocks.0": "0.0.0.0/0",
                            "ingress.2214680975.description": "",
                            "ingress.2214680975.from_port": "80",
                            "ingress.2214680975.ipv6_cidr_blocks.#": "0",
                            "ingress.2214680975.protocol": "tcp",
                            "ingress.2214680975.security_groups.#": "0",
                            "ingress.2214680975.self": "false",
                            "ingress.2214680975.to_port": "80",
                            "name": "allow_web",
                            "owner_id": "105725941292",
                            "revoke_rules_on_delete": "false",
                            "tags.%": "1",
                            "tags.Name": "allow_web",
                            "vpc_id": "vpc-5bccf322"
                        },
                        "meta": {
                            "e2bfb730-ecaa-11e6-8f88-34363bc7c4c0": {
                                "create": 600000000000,
                                "delete": 600000000000
                            },
                            "schema_version": "1"
                        },
                        "tainted": false
                    },
                    "deposed": [],
                    "provider": "provider.aws"
                },
                "aws_security_group.allow_web8080": {
                    "type": "aws_security_group",
                    "depends_on": [],
                    "primary": {
                        "id": "sg-f5e22d84",
                        "attributes": {
                            "arn": "arn:aws:ec2:us-west-2:105725941292:security-group/sg-f5e22d84",
                            "description": "Allow web 8080",
                            "egress.#": "0",
                            "id": "sg-f5e22d84",
                            "ingress.#": "1",
                            "ingress.516175195.cidr_blocks.#": "1",
                            "ingress.516175195.cidr_blocks.0": "0.0.0.0/0",
                            "ingress.516175195.description": "",
                            "ingress.516175195.from_port": "8080",
                            "ingress.516175195.ipv6_cidr_blocks.#": "0",
                            "ingress.516175195.protocol": "tcp",
                            "ingress.516175195.security_groups.#": "0",
                            "ingress.516175195.self": "false",
                            "ingress.516175195.to_port": "8080",
                            "name": "allow_web8080",
                            "owner_id": "105725941292",
                            "revoke_rules_on_delete": "false",
                            "tags.%": "1",
                            "tags.Name": "allow_web8080",
                            "vpc_id": "vpc-5bccf322"
                        },
                        "meta": {
                            "e2bfb730-ecaa-11e6-8f88-34363bc7c4c0": {
                                "create": 600000000000,
                                "delete": 600000000000
                            },
                            "schema_version": "1"
                        },
                        "tainted": false
                    },
                    "deposed": [],
                    "provider": "provider.aws"
                },
                "data.template_file.init": {
                    "type": "template_file",
                    "depends_on": [],
                    "primary": {
                        "id": "46c8712df0f2b87d8deb13acbeed0a35af507eae17afdee1d765953c599121b5",
                        "attributes": {
                            "id": "46c8712df0f2b87d8deb13acbeed0a35af507eae17afdee1d765953c599121b5",
                            "rendered": "#!/bin/bash\ntouch /home/ubuntu/a\napt-get update\napt-get install -y nginx\n",
                            "template": "#!/bin/bash\ntouch /home/ubuntu/a\napt-get update\napt-get install -y nginx\n"
                        },
                        "meta": {},
                        "tainted": false
                    },
                    "deposed": [],
                    "provider": "provider.template"
                }
            },
            "depends_on": []
        },
        {
            "path": [
                "root",
                "vpc"
            ],
            "outputs": {
                "subnet_prv_a_id": {
                    "sensitive": false,
                    "type": "string",
                    "value": "subnet-19d46a52"
                },
                "subnet_prv_b_id": {
                    "sensitive": false,
                    "type": "string",
                    "value": "subnet-d50895ac"
                },
                "subnet_pub_id": {
                    "sensitive": false,
                    "type": "string",
                    "value": "subnet-d4d8669f"
                },
                "vpc_id": {
                    "sensitive": false,
                    "type": "string",
                    "value": "vpc-5bccf322"
                }
            },
            "resources": {
                "aws_eip.eip_ngw": {
                    "type": "aws_eip",
                    "depends_on": [],
                    "primary": {
                        "id": "eipalloc-b665118a",
                        "attributes": {
                            "association_id": "",
                            "domain": "vpc",
                            "id": "eipalloc-b665118a",
                            "instance": "",
                            "network_interface": "",
                            "private_ip": "",
                            "public_ip": "35.167.77.210",
                            "tags.%": "1",
                            "tags.Name": "eip_ngw",
                            "vpc": "true"
                        },
                        "meta": {
                            "e2bfb730-ecaa-11e6-8f88-34363bc7c4c0": {
                                "delete": 180000000000,
                                "read": 900000000000,
                                "update": 300000000000
                            }
                        },
                        "tainted": false
                    },
                    "deposed": [],
                    "provider": "provider.aws"
                },
                "aws_internet_gateway.igw": {
                    "type": "aws_internet_gateway",
                    "depends_on": [
                        "aws_vpc.vpc"
                    ],
                    "primary": {
                        "id": "igw-d84204be",
                        "attributes": {
                            "id": "igw-d84204be",
                            "tags.%": "1",
                            "tags.Name": "igw",
                            "vpc_id": "vpc-5bccf322"
                        },
                        "meta": {},
                        "tainted": false
                    },
                    "deposed": [],
                    "provider": "provider.aws"
                },
                "aws_nat_gateway.ngw": {
                    "type": "aws_nat_gateway",
                    "depends_on": [
                        "aws_eip.eip_ngw",
                        "aws_subnet.subnet_pub"
                    ],
                    "primary": {
                        "id": "nat-0ed79c3d3a4d11cb4",
                        "attributes": {
                            "allocation_id": "eipalloc-b665118a",
                            "id": "nat-0ed79c3d3a4d11cb4",
                            "network_interface_id": "eni-5ba60053",
                            "private_ip": "10.30.0.117",
                            "public_ip": "35.167.77.210",
                            "subnet_id": "subnet-d4d8669f",
                            "tags.%": "1",
                            "tags.Name": "ngw"
                        },
                        "meta": {},
                        "tainted": false
                    },
                    "deposed": [],
                    "provider": "provider.aws"
                },
                "aws_route_table.routing_table_prv": {
                    "type": "aws_route_table",
                    "depends_on": [
                        "aws_nat_gateway.ngw",
                        "aws_vpc.vpc"
                    ],
                    "primary": {
                        "id": "rtb-bedaddc6",
                        "attributes": {
                            "id": "rtb-bedaddc6",
                            "propagating_vgws.#": "0",
                            "route.#": "1",
                            "route.2355213850.cidr_block": "0.0.0.0/0",
                            "route.2355213850.egress_only_gateway_id": "",
                            "route.2355213850.gateway_id": "",
                            "route.2355213850.instance_id": "",
                            "route.2355213850.ipv6_cidr_block": "",
                            "route.2355213850.nat_gateway_id": "nat-0ed79c3d3a4d11cb4",
                            "route.2355213850.network_interface_id": "",
                            "route.2355213850.vpc_peering_connection_id": "",
                            "tags.%": "1",
                            "tags.Name": "rt_prv",
                            "vpc_id": "vpc-5bccf322"
                        },
                        "meta": {},
                        "tainted": false
                    },
                    "deposed": [],
                    "provider": "provider.aws"
                },
                "aws_route_table.routing_table_pub": {
                    "type": "aws_route_table",
                    "depends_on": [
                        "aws_internet_gateway.igw",
                        "aws_vpc.vpc"
                    ],
                    "primary": {
                        "id": "rtb-3dd8df45",
                        "attributes": {
                            "id": "rtb-3dd8df45",
                            "propagating_vgws.#": "0",
                            "route.#": "1",
                            "route.1700606590.cidr_block": "0.0.0.0/0",
                            "route.1700606590.egress_only_gateway_id": "",
                            "route.1700606590.gateway_id": "igw-d84204be",
                            "route.1700606590.instance_id": "",
                            "route.1700606590.ipv6_cidr_block": "",
                            "route.1700606590.nat_gateway_id": "",
                            "route.1700606590.network_interface_id": "",
                            "route.1700606590.vpc_peering_connection_id": "",
                            "tags.%": "1",
                            "tags.Name": "rt_pub",
                            "vpc_id": "vpc-5bccf322"
                        },
                        "meta": {},
                        "tainted": false
                    },
                    "deposed": [],
                    "provider": "provider.aws"
                },
                "aws_route_table_association.route_table_association_prv_a": {
                    "type": "aws_route_table_association",
                    "depends_on": [
                        "aws_route_table.routing_table_prv",
                        "aws_subnet.subnet_a"
                    ],
                    "primary": {
                        "id": "rtbassoc-1f0b2265",
                        "attributes": {
                            "id": "rtbassoc-1f0b2265",
                            "route_table_id": "rtb-bedaddc6",
                            "subnet_id": "subnet-19d46a52"
                        },
                        "meta": {},
                        "tainted": false
                    },
                    "deposed": [],
                    "provider": "provider.aws"
                },
                "aws_route_table_association.route_table_association_prv_b": {
                    "type": "aws_route_table_association",
                    "depends_on": [
                        "aws_route_table.routing_table_prv",
                        "aws_subnet.subnet_b"
                    ],
                    "primary": {
                        "id": "rtbassoc-9e0920e4",
                        "attributes": {
                            "id": "rtbassoc-9e0920e4",
                            "route_table_id": "rtb-bedaddc6",
                            "subnet_id": "subnet-d50895ac"
                        },
                        "meta": {},
                        "tainted": false
                    },
                    "deposed": [],
                    "provider": "provider.aws"
                },
                "aws_route_table_association.route_table_association_pub": {
                    "type": "aws_route_table_association",
                    "depends_on": [
                        "aws_route_table.routing_table_pub",
                        "aws_subnet.subnet_pub"
                    ],
                    "primary": {
                        "id": "rtbassoc-400d243a",
                        "attributes": {
                            "id": "rtbassoc-400d243a",
                            "route_table_id": "rtb-3dd8df45",
                            "subnet_id": "subnet-d4d8669f"
                        },
                        "meta": {},
                        "tainted": false
                    },
                    "deposed": [],
                    "provider": "provider.aws"
                },
                "aws_subnet.subnet_a": {
                    "type": "aws_subnet",
                    "depends_on": [
                        "aws_vpc.vpc"
                    ],
                    "primary": {
                        "id": "subnet-19d46a52",
                        "attributes": {
                            "assign_ipv6_address_on_creation": "false",
                            "availability_zone": "us-west-2a",
                            "cidr_block": "10.30.1.0/24",
                            "id": "subnet-19d46a52",
                            "map_public_ip_on_launch": "false",
                            "tags.%": "1",
                            "tags.Name": "snet_az1",
                            "vpc_id": "vpc-5bccf322"
                        },
                        "meta": {
                            "schema_version": "1"
                        },
                        "tainted": false
                    },
                    "deposed": [],
                    "provider": "provider.aws"
                },
                "aws_subnet.subnet_b": {
                    "type": "aws_subnet",
                    "depends_on": [
                        "aws_vpc.vpc"
                    ],
                    "primary": {
                        "id": "subnet-d50895ac",
                        "attributes": {
                            "assign_ipv6_address_on_creation": "false",
                            "availability_zone": "us-west-2b",
                            "cidr_block": "10.30.2.0/24",
                            "id": "subnet-d50895ac",
                            "map_public_ip_on_launch": "false",
                            "tags.%": "1",
                            "tags.Name": "snet_az2",
                            "vpc_id": "vpc-5bccf322"
                        },
                        "meta": {
                            "schema_version": "1"
                        },
                        "tainted": false
                    },
                    "deposed": [],
                    "provider": "provider.aws"
                },
                "aws_subnet.subnet_pub": {
                    "type": "aws_subnet",
                    "depends_on": [
                        "aws_vpc.vpc"
                    ],
                    "primary": {
                        "id": "subnet-d4d8669f",
                        "attributes": {
                            "assign_ipv6_address_on_creation": "false",
                            "availability_zone": "us-west-2a",
                            "cidr_block": "10.30.0.0/24",
                            "id": "subnet-d4d8669f",
                            "map_public_ip_on_launch": "false",
                            "tags.%": "1",
                            "tags.Name": "snet_pub",
                            "vpc_id": "vpc-5bccf322"
                        },
                        "meta": {
                            "schema_version": "1"
                        },
                        "tainted": false
                    },
                    "deposed": [],
                    "provider": "provider.aws"
                },
                "aws_vpc.vpc": {
                    "type": "aws_vpc",
                    "depends_on": [],
                    "primary": {
                        "id": "vpc-5bccf322",
                        "attributes": {
                            "assign_generated_ipv6_cidr_block": "false",
                            "cidr_block": "10.30.0.0/16",
                            "default_network_acl_id": "acl-e69f129e",
                            "default_route_table_id": "rtb-f8d9de80",
                            "default_security_group_id": "sg-d7e42ba6",
                            "dhcp_options_id": "dopt-614d6909",
                            "enable_classiclink": "false",
                            "enable_classiclink_dns_support": "false",
                            "enable_dns_hostnames": "true",
                            "enable_dns_support": "true",
                            "id": "vpc-5bccf322",
                            "instance_tenancy": "default",
                            "main_route_table_id": "rtb-f8d9de80",
                            "tags.%": "1",
                            "tags.Name": "my_private_cloud"
                        },
                        "meta": {
                            "schema_version": "1"
                        },
                        "tainted": false
                    },
                    "deposed": [],
                    "provider": "provider.aws"
                }
            },
            "depends_on": []
        }
    ]
}
